// !$*UTF8*$!
{
	archiveVersion = 1;
	classes = {
	};
	objectVersion = 50;
	objects = {

/* Begin PBXBuildFile section */
		423E9F7F2484E38F00E96C19 /* AppDelegate.swift in Sources */ = {isa = PBXBuildFile; fileRef = 423E9F7E2484E38F00E96C19 /* AppDelegate.swift */; };
		423E9F812484E38F00E96C19 /* SceneDelegate.swift in Sources */ = {isa = PBXBuildFile; fileRef = 423E9F802484E38F00E96C19 /* SceneDelegate.swift */; };
		423E9F832484E38F00E96C19 /* ContentView.swift in Sources */ = {isa = PBXBuildFile; fileRef = 423E9F822484E38F00E96C19 /* ContentView.swift */; };
		423E9F852484E39100E96C19 /* Assets.xcassets in Resources */ = {isa = PBXBuildFile; fileRef = 423E9F842484E39100E96C19 /* Assets.xcassets */; };
		423E9F882484E39100E96C19 /* Preview Assets.xcassets in Resources */ = {isa = PBXBuildFile; fileRef = 423E9F872484E39100E96C19 /* Preview Assets.xcassets */; };
		423E9F8B2484E39100E96C19 /* LaunchScreen.storyboard in Resources */ = {isa = PBXBuildFile; fileRef = 423E9F892484E39100E96C19 /* LaunchScreen.storyboard */; };
		423E9F982484ED0400E96C19 /* seedcbc.c in Sources */ = {isa = PBXBuildFile; fileRef = 423E9F972484ED0400E96C19 /* seedcbc.c */; };
		423E9F9A2485CFD500E96C19 /* CryptoManager.swift in Sources */ = {isa = PBXBuildFile; fileRef = 423E9F992485CFD500E96C19 /* CryptoManager.swift */; };
/* End PBXBuildFile section */

/* Begin PBXFileReference section */
		423E9F7B2484E38F00E96C19 /* CryptoExample.app */ = {isa = PBXFileReference; explicitFileType = wrapper.application; includeInIndex = 0; path = CryptoExample.app; sourceTree = BUILT_PRODUCTS_DIR; };
		423E9F7E2484E38F00E96C19 /* AppDelegate.swift */ = {isa = PBXFileReference; lastKnownFileType = sourcecode.swift; path = AppDelegate.swift; sourceTree = "<group>"; };
		423E9F802484E38F00E96C19 /* SceneDelegate.swift */ = {isa = PBXFileReference; lastKnownFileType = sourcecode.swift; path = SceneDelegate.swift; sourceTree = "<group>"; };
		423E9F822484E38F00E96C19 /* ContentView.swift */ = {isa = PBXFileReference; lastKnownFileType = sourcecode.swift; path = ContentView.swift; sourceTree = "<group>"; };
		423E9F842484E39100E96C19 /* Assets.xcassets */ = {isa = PBXFileReference; lastKnownFileType = folder.assetcatalog; path = Assets.xcassets; sourceTree = "<group>"; };
		423E9F872484E39100E96C19 /* Preview Assets.xcassets */ = {isa = PBXFileReference; lastKnownFileType = folder.assetcatalog; path = "Preview Assets.xcassets"; sourceTree = "<group>"; };
		423E9F8A2484E39100E96C19 /* Base */ = {isa = PBXFileReference; lastKnownFileType = file.storyboard; name = Base; path = Base.lproj/LaunchScreen.storyboard; sourceTree = "<group>"; };
		423E9F8C2484E39100E96C19 /* Info.plist */ = {isa = PBXFileReference; lastKnownFileType = text.plist.xml; path = Info.plist; sourceTree = "<group>"; };
		423E9F922484E97400E96C19 /* CryptoExample-Bridging-Header.h */ = {isa = PBXFileReference; lastKnownFileType = sourcecode.c.h; path = "CryptoExample-Bridging-Header.h"; sourceTree = "<group>"; };
		423E9F962484EA2500E96C19 /* seedcbc.h */ = {isa = PBXFileReference; lastKnownFileType = sourcecode.c.h; path = seedcbc.h; sourceTree = "<group>"; };
		423E9F972484ED0400E96C19 /* seedcbc.c */ = {isa = PBXFileReference; fileEncoding = 4; lastKnownFileType = sourcecode.c.c; path = seedcbc.c; sourceTree = "<group>"; };
		423E9F992485CFD500E96C19 /* CryptoManager.swift */ = {isa = PBXFileReference; lastKnownFileType = sourcecode.swift; path = CryptoManager.swift; sourceTree = "<group>"; };
/* End PBXFileReference section */

/* Begin PBXFrameworksBuildPhase section */
		423E9F782484E38F00E96C19 /* Frameworks */ = {
			isa = PBXFrameworksBuildPhase;
			buildActionMask = 2147483647;
			files = (
			);
			runOnlyForDeploymentPostprocessing = 0;
		};
/* End PBXFrameworksBuildPhase section */

/* Begin PBXGroup section */
		423E9F722484E38F00E96C19 = {
			isa = PBXGroup;
			children = (
				423E9F7D2484E38F00E96C19 /* CryptoExample */,
				423E9F7C2484E38F00E96C19 /* Products */,
			);
			sourceTree = "<group>";
		};
		423E9F7C2484E38F00E96C19 /* Products */ = {
			isa = PBXGroup;
			children = (
				423E9F7B2484E38F00E96C19 /* CryptoExample.app */,
			);
			name = Products;
			sourceTree = "<group>";
		};
		423E9F7D2484E38F00E96C19 /* CryptoExample */ = {
			isa = PBXGroup;
			children = (
				423E9F972484ED0400E96C19 /* seedcbc.c */,
				423E9F7E2484E38F00E96C19 /* AppDelegate.swift */,
				423E9F802484E38F00E96C19 /* SceneDelegate.swift */,
				423E9F822484E38F00E96C19 /* ContentView.swift */,
				423E9F842484E39100E96C19 /* Assets.xcassets */,
				423E9F892484E39100E96C19 /* LaunchScreen.storyboard */,
				423E9F8C2484E39100E96C19 /* Info.plist */,
				423E9F862484E39100E96C19 /* Preview Content */,
				423E9F922484E97400E96C19 /* CryptoExample-Bridging-Header.h */,
				423E9F962484EA2500E96C19 /* seedcbc.h */,
				423E9F992485CFD500E96C19 /* CryptoManager.swift */,
			);
			path = CryptoExample;
			sourceTree = "<group>";
		};
		423E9F862484E39100E96C19 /* Preview Content */ = {
			isa = PBXGroup;
			children = (
				423E9F872484E39100E96C19 /* Preview Assets.xcassets */,
			);
			path = "Preview Content";
			sourceTree = "<group>";
		};
/* End PBXGroup section */

/* Begin PBXNativeTarget section */
		423E9F7A2484E38F00E96C19 /* CryptoExample */ = {
			isa = PBXNativeTarget;
			buildConfigurationList = 423E9F8F2484E39100E96C19 /* Build configuration list for PBXNativeTarget "CryptoExample" */;
			buildPhases = (
				423E9F772484E38F00E96C19 /* Sources */,
				423E9F782484E38F00E96C19 /* Frameworks */,
				423E9F792484E38F00E96C19 /* Resources */,
			);
			buildRules = (
			);
			dependencies = (
			);
			name = CryptoExample;
			productName = CryptoExample;
			productReference = 423E9F7B2484E38F00E96C19 /* CryptoExample.app */;
			productType = "com.apple.product-type.application";
		};
/* End PBXNativeTarget section */

/* Begin PBXProject section */
		423E9F732484E38F00E96C19 /* Project object */ = {
			isa = PBXProject;
			attributes = {
				LastSwiftUpdateCheck = 1150;
				LastUpgradeCheck = 1150;
				ORGANIZATIONNAME = Dugong;
				TargetAttributes = {
					423E9F7A2484E38F00E96C19 = {
						CreatedOnToolsVersion = 11.5;
						LastSwiftMigration = 1150;
					};
				};
			};
			buildConfigurationList = 423E9F762484E38F00E96C19 /* Build configuration list for PBXProject "CryptoExample" */;
			compatibilityVersion = "Xcode 9.3";
			developmentRegion = en;
			hasScannedForEncodings = 0;
			knownRegions = (
				en,
				Base,
			);
			mainGroup = 423E9F722484E38F00E96C19;
			productRefGroup = 423E9F7C2484E38F00E96C19 /* Products */;
			projectDirPath = "";
			projectRoot = "";
			targets = (
				423E9F7A2484E38F00E96C19 /* CryptoExample */,
			);
		};
/* End PBXProject section */

/* Begin PBXResourcesBuildPhase section */
		423E9F792484E38F00E96C19 /* Resources */ = {
			isa = PBXResourcesBuildPhase;
			buildActionMask = 2147483647;
			files = (
				423E9F8B2484E39100E96C19 /* LaunchScreen.storyboard in Resources */,
				423E9F882484E39100E96C19 /* Preview Assets.xcassets in Resources */,
				423E9F852484E39100E96C19 /* Assets.xcassets in Resources */,
			);
			runOnlyForDeploymentPostprocessing = 0;
		};
/* End PBXResourcesBuildPhase section */

/* Begin PBXSourcesBuildPhase section */
		423E9F772484E38F00E96C19 /* Sources */ = {
			isa = PBXSourcesBuildPhase;
			buildActionMask = 2147483647;
			files = (
				423E9F9A2485CFD500E96C19 /* CryptoManager.swift in Sources */,
				423E9F7F2484E38F00E96C19 /* AppDelegate.swift in Sources */,
				423E9F982484ED0400E96C19 /* seedcbc.c in Sources */,
				423E9F812484E38F00E96C19 /* SceneDelegate.swift in Sources */,
				423E9F832484E38F00E96C19 /* ContentView.swift in Sources */,
			);
			runOnlyForDeploymentPostprocessing = 0;
		};
/* End PBXSourcesBuildPhase section */

/* Begin PBXVariantGroup section */
		423E9F892484E39100E96C19 /* LaunchScreen.storyboard */ = {
			isa = PBXVariantGroup;
			children = (
				423E9F8A2484E39100E96C19 /* Base */,
			);
			name = LaunchScreen.storyboard;
			sourceTree = "<group>";
		};
/* End PBXVariantGroup section */

/* Begin XCBuildConfiguration section */
		423E9F8D2484E39100E96C19 /* Debug */ = {
			isa = XCBuildConfiguration;
			buildSettings = {
				ALWAYS_SEARCH_USER_PATHS = NO;
				CLANG_ANALYZER_NONNULL = YES;
				CLANG_ANALYZER_NUMBER_OBJECT_CONVERSION = YES_AGGRESSIVE;
				CLANG_CXX_LANGUAGE_STANDARD = "gnu++14";
				CLANG_CXX_LIBRARY = "libc++";
				CLANG_ENABLE_MODULES = YES;
				CLANG_ENABLE_OBJC_ARC = YES;
				CLANG_ENABLE_OBJC_WEAK = YES;
				CLANG_WARN_BLOCK_CAPTURE_AUTORELEASING = YES;
				CLANG_WARN_BOOL_CONVERSION = YES;
				CLANG_WARN_COMMA = YES;
				CLANG_WARN_CONSTANT_CONVERSION = YES;
				CLANG_WARN_DEPRECATED_OBJC_IMPLEMENTATIONS = YES;
				CLANG_WARN_DIRECT_OBJC_ISA_USAGE = YES_ERROR;
				CLANG_WARN_DOCUMENTATION_COMMENTS = YES;
				CLANG_WARN_EMPTY_BODY = YES;
				CLANG_WARN_ENUM_CONVERSION = YES;
				CLANG_WARN_INFINITE_RECURSION = YES;
				CLANG_WARN_INT_CONVERSION = YES;
				CLANG_WARN_NON_LITERAL_NULL_CONVERSION = YES;
				CLANG_WARN_OBJC_IMPLICIT_RETAIN_SELF = YES;
				CLANG_WARN_OBJC_LITERAL_CONVERSION = YES;
				CLANG_WARN_OBJC_ROOT_CLASS = YES_ERROR;
				CLANG_WARN_RANGE_LOOP_ANALYSIS = YES;
				CLANG_WARN_STRICT_PROTOTYPES = YES;
				CLANG_WARN_SUSPICIOUS_MOVE = YES;
				CLANG_WARN_UNGUARDED_AVAILABILITY = YES_AGGRESSIVE;
				CLANG_WARN_UNREACHABLE_CODE = YES;
				CLANG_WARN__DUPLICATE_METHOD_MATCH = YES;
				COPY_PHASE_STRIP = NO;
				DEBUG_INFORMATION_FORMAT = dwarf;
				ENABLE_STRICT_OBJC_MSGSEND = YES;
				ENABLE_TESTABILITY = YES;
				GCC_C_LANGUAGE_STANDARD = gnu11;
				GCC_DYNAMIC_NO_PIC = NO;
				GCC_NO_COMMON_BLOCKS = YES;
				GCC_OPTIMIZATION_LEVEL = 0;
				GCC_PREPROCESSOR_DEFINITIONS = (
					"DEBUG=1",
					"$(inherited)",
				);
				GCC_WARN_64_TO_32_BIT_CONVERSION = YES;
				GCC_WARN_ABOUT_RETURN_TYPE = YES_ERROR;
				GCC_WARN_UNDECLARED_SELECTOR = YES;
				GCC_WARN_UNINITIALIZED_AUTOS = YES_AGGRESSIVE;
				GCC_WARN_UNUSED_FUNCTION = YES;
				GCC_WARN_UNUSED_VARIABLE = YES;
				IPHONEOS_DEPLOYMENT_TARGET = 13.5;
				MTL_ENABLE_DEBUG_INFO = INCLUDE_SOURCE;
				MTL_FAST_MATH = YES;
				ONLY_ACTIVE_ARCH = YES;
				SDKROOT = iphoneos;
				SWIFT_ACTIVE_COMPILATION_CONDITIONS = DEBUG;
				SWIFT_OPTIMIZATION_LEVEL = "-Onone";
			};
			name = Debug;
		};
		423E9F8E2484E39100E96C19 /* Release */ = {
			isa = XCBuildConfiguration;
			buildSettings = {
				ALWAYS_SEARCH_USER_PATHS = NO;
				CLANG_ANALYZER_NONNULL = YES;
				CLANG_ANALYZER_NUMBER_OBJECT_CONVERSION = YES_AGGRESSIVE;
				CLANG_CXX_LANGUAGE_STANDARD = "gnu++14";
				CLANG_CXX_LIBRARY = "libc++";
				CLANG_ENABLE_MODULES = YES;
				CLANG_ENABLE_OBJC_ARC = YES;
				CLANG_ENABLE_OBJC_WEAK = YES;
				CLANG_WARN_BLOCK_CAPTURE_AUTORELEASING = YES;
				CLANG_WARN_BOOL_CONVERSION = YES;
				CLANG_WARN_COMMA = YES;
				CLANG_WARN_CONSTANT_CONVERSION = YES;
				CLANG_WARN_DEPRECATED_OBJC_IMPLEMENTATIONS = YES;
				CLANG_WARN_DIRECT_OBJC_ISA_USAGE = YES_ERROR;
				CLANG_WARN_DOCUMENTATION_COMMENTS = YES;
				CLANG_WARN_EMPTY_BODY = YES;
				CLANG_WARN_ENUM_CONVERSION = YES;
				CLANG_WARN_INFINITE_RECURSION = YES;
				CLANG_WARN_INT_CONVERSION = YES;
				CLANG_WARN_NON_LITERAL_NULL_CONVERSION = YES;
				CLANG_WARN_OBJC_IMPLICIT_RETAIN_SELF = YES;
				CLANG_WARN_OBJC_LITERAL_CONVERSION = YES;
				CLANG_WARN_OBJC_ROOT_CLASS = YES_ERROR;
				CLANG_WARN_RANGE_LOOP_ANALYSIS = YES;
				CLANG_WARN_STRICT_PROTOTYPES = YES;
				CLANG_WARN_SUSPICIOUS_MOVE = YES;
				CLANG_WARN_UNGUARDED_AVAILABILITY = YES_AGGRESSIVE;
				CLANG_WARN_UNREACHABLE_CODE = YES;
				CLANG_WARN__DUPLICATE_METHOD_MATCH = YES;
				COPY_PHASE_STRIP = NO;
				DEBUG_INFORMATION_FORMAT = "dwarf-with-dsym";
				ENABLE_NS_ASSERTIONS = NO;
				ENABLE_STRICT_OBJC_MSGSEND = YES;
				GCC_C_LANGUAGE_STANDARD = gnu11;
				GCC_NO_COMMON_BLOCKS = YES;
				GCC_WARN_64_TO_32_BIT_CONVERSION = YES;
				GCC_WARN_ABOUT_RETURN_TYPE = YES_ERROR;
				GCC_WARN_UNDECLARED_SELECTOR = YES;
				GCC_WARN_UNINITIALIZED_AUTOS = YES_AGGRESSIVE;
				GCC_WARN_UNUSED_FUNCTION = YES;
				GCC_WARN_UNUSED_VARIABLE = YES;
				IPHONEOS_DEPLOYMENT_TARGET = 13.5;
				MTL_ENABLE_DEBUG_INFO = NO;
				MTL_FAST_MATH = YES;
				SDKROOT = iphoneos;
				SWIFT_COMPILATION_MODE = wholemodule;
				SWIFT_OPTIMIZATION_LEVEL = "-O";
				VALIDATE_PRODUCT = YES;
			};
			name = Release;
		};
		423E9F902484E39100E96C19 /* Debug */ = {
			isa = XCBuildConfiguration;
			buildSettings = {
				ASSETCATALOG_COMPILER_APPICON_NAME = AppIcon;
				CLANG_ENABLE_MODULES = YES;
				CODE_SIGN_STYLE = Automatic;
				DEVELOPMENT_ASSET_PATHS = "\"CryptoExample/Preview Content\"";
				DEVELOPMENT_TEAM = XNB68CC222;
				ENABLE_PREVIEWS = YES;
				INFOPLIST_FILE = CryptoExample/Info.plist;
				LD_RUNPATH_SEARCH_PATHS = (
					"$(inherited)",
					"@executable_path/Frameworks",
				);
				PRODUCT_BUNDLE_IDENTIFIER = com.siparoma.CryptoExample;
				PRODUCT_NAME = "$(TARGET_NAME)";
				SWIFT_OBJC_BRIDGING_HEADER = "CryptoExample/CryptoExample-Bridging-Header.h";
				SWIFT_OPTIMIZATION_LEVEL = "-Onone";
				SWIFT_VERSION = 5.0;
				TARGETED_DEVICE_FAMILY = "1,2";
			};
			name = Debug;
		};
		423E9F912484E39100E96C19 /* Release */ = {
			isa = XCBuildConfiguration;
			buildSettings = {
				ASSETCATALOG_COMPILER_APPICON_NAME = AppIcon;
				CLANG_ENABLE_MODULES = YES;
				CODE_SIGN_STYLE = Automatic;
				DEVELOPMENT_ASSET_PATHS = "\"CryptoExample/Preview Content\"";
				DEVELOPMENT_TEAM = XNB68CC222;
				ENABLE_PREVIEWS = YES;
				INFOPLIST_FILE = CryptoExample/Info.plist;
				LD_RUNPATH_SEARCH_PATHS = (
					"$(inherited)",
					"@executable_path/Frameworks",
				);
				PRODUCT_BUNDLE_IDENTIFIER = com.siparoma.CryptoExample;
				PRODUCT_NAME = "$(TARGET_NAME)";
				SWIFT_OBJC_BRIDGING_HEADER = "CryptoExample/CryptoExample-Bridging-Header.h";
				SWIFT_VERSION = 5.0;
				TARGETED_DEVICE_FAMILY = "1,2";
			};
			name = Release;
		};
/* End XCBuildConfiguration section */

/* Begin XCConfigurationList section */
		423E9F762484E38F00E96C19 /* Build configuration list for PBXProject "CryptoExample" */ = {
			isa = XCConfigurationList;
			buildConfigurations = (
				423E9F8D2484E39100E96C19 /* Debug */,
				423E9F8E2484E39100E96C19 /* Release */,
			);
			defaultConfigurationIsVisible = 0;
			defaultConfigurationName = Release;
		};
		423E9F8F2484E39100E96C19 /* Build configuration list for PBXNativeTarget "CryptoExample" */ = {
			isa = XCConfigurationList;
			buildConfigurations = (
				423E9F902484E39100E96C19 /* Debug */,
				423E9F912484E39100E96C19 /* Release */,
			);
			defaultConfigurationIsVisible = 0;
			defaultConfigurationName = Release;
		};
/* End XCConfigurationList section */
	};
	rootObject = 423E9F732484E38F00E96C19 /* Project object */;
}
